{
  "lockfile_version": "1",
  "packages": {
    "air@latest": {
      "last_modified": "2025-03-11T17:52:14Z",
      "resolved": "github:NixOS/nixpkgs/0d534853a55b5d02a4ababa1d71921ce8f0aee4c#air",
      "source": "devbox-search",
      "version": "1.61.7",
      "systems": {
        "aarch64-darwin": {
          "outputs": [
            {
              "name": "out",
              "path": "/nix/store/ml148gjvir4c3milb7hpyvc6wkg4jj0g-air-1.61.7",
              "default": true
            }
          ],
          "store_path": "/nix/store/ml148gjvir4c3milb7hpyvc6wkg4jj0g-air-1.61.7"
        },
        "aarch64-linux": {
          "outputs": [
            {
              "name": "out",
              "path": "/nix/store/k4yqs3wv9xq06d7z5sybfnawdvffbqvg-air-1.61.7",
              "default": true
            }
          ],
          "store_path": "/nix/store/k4yqs3wv9xq06d7z5sybfnawdvffbqvg-air-1.61.7"
        },
        "x86_64-darwin": {
          "outputs": [
            {
              "name": "out",
              "path": "/nix/store/kyy1zhm401ns64jmclbfr476db8djrs4-air-1.61.7",
              "default": true
            }
          ],
          "store_path": "/nix/store/kyy1zhm401ns64jmclbfr476db8djrs4-air-1.61.7"
        },
        "x86_64-linux": {
          "outputs": [
            {
              "name": "out",
              "path": "/nix/store/ahkvclxrxl3q4mw216ka6aff7dhcdq6d-air-1.61.7",
              "default": true
            }
          ],
          "store_path": "/nix/store/ahkvclxrxl3q4mw216ka6aff7dhcdq6d-air-1.61.7"
        }
      }
    },
    "git@latest": {
      "last_modified": "2025-03-11T17:52:14Z",
      "resolved": "github:NixOS/nixpkgs/0d534853a55b5d02a4ababa1d71921ce8f0aee4c#git",
      "source": "devbox-search",
      "version": "2.48.1",
      "systems": {
        "aarch64-darwin": {
          "outputs": [
            {
              "name": "out",
              "path": "/nix/store/b3sci30zzzlj3rzj1y89cijnd6zcwapk-git-2.48.1",
              "default": true
            },
            {
              "name": "doc",
              "path": "/nix/store/086knqdw7fjgzczp0i6nad95s2v6jbya-git-2.48.1-doc"
            }
          ],
          "store_path": "/nix/store/b3sci30zzzlj3rzj1y89cijnd6zcwapk-git-2.48.1"
        },
        "aarch64-linux": {
          "outputs": [
            {
              "name": "out",
              "path": "/nix/store/pck1dr5jxrd5b8nmfasbn13z422jhcfm-git-2.48.1",
              "default": true
            },
            {
              "name": "debug",
              "path": "/nix/store/xqqsvzlilh843rm6knykyng81apapr33-git-2.48.1-debug"
            },
            {
              "name": "doc",
              "path": "/nix/store/485b32ys0s2dvjfisn7405ildmpqvfzk-git-2.48.1-doc"
            }
          ],
          "store_path": "/nix/store/pck1dr5jxrd5b8nmfasbn13z422jhcfm-git-2.48.1"
        },
        "x86_64-darwin": {
          "outputs": [
            {
              "name": "out",
              "path": "/nix/store/9qjzgsf9mvdp6sfd7xyzhgrahl2qhhp6-git-2.48.1",
              "default": true
            },
            {
              "name": "doc",
              "path": "/nix/store/cgv7qa0ix059ma9a0qac0bywfvl3k7k2-git-2.48.1-doc"
            }
          ],
          "store_path": "/nix/store/9qjzgsf9mvdp6sfd7xyzhgrahl2qhhp6-git-2.48.1"
        },
        "x86_64-linux": {
          "outputs": [
            {
              "name": "out",
              "path": "/nix/store/lqx2rv26sdndpa2vyy2vxsahj03km69z-git-2.48.1",
              "default": true
            },
            {
              "name": "doc",
              "path": "/nix/store/hjczhs1dm3hzij7mx5c91rkzqvkb89av-git-2.48.1-doc"
            },
            {
              "name": "debug",
              "path": "/nix/store/bk8xndavdnc2qgyvc6hcc8h29lk9jzqb-git-2.48.1-debug"
            }
          ],
          "store_path": "/nix/store/lqx2rv26sdndpa2vyy2vxsahj03km69z-git-2.48.1"
        }
      }
    },
    "github:NixOS/nixpkgs/nixpkgs-unstable": {
      "last_modified": "2025-04-13T09:22:33Z",
      "resolved": "github:NixOS/nixpkgs/18dd725c29603f582cf1900e0d25f9f1063dbf11?lastModified=1744536153&narHash=sha256-awS2zRgF4uTwrOKwwiJcByDzDOdo3Q1rPZbiHQg%2FN38%3D"
    },
    "glibcLocales@latest": {
      "last_modified": "2025-03-11T17:52:14Z",
      "resolved": "github:NixOS/nixpkgs/0d534853a55b5d02a4ababa1d71921ce8f0aee4c#glibcLocales",
      "source": "devbox-search",
      "version": "2.40-66",
      "systems": {
        "aarch64-linux": {
          "outputs": [
            {
              "name": "out",
              "path": "/nix/store/iv7avlnmk2cx79xpi4mr8sk1kxvlvm9l-glibc-locales-2.40-66",
              "default": true
            }
          ],
          "store_path": "/nix/store/iv7avlnmk2cx79xpi4mr8sk1kxvlvm9l-glibc-locales-2.40-66"
        },
        "x86_64-linux": {
          "outputs": [
            {
              "name": "out",
              "path": "/nix/store/hgybbbzg778wasmw5g1hzm7a8n4wwd5h-glibc-locales-2.40-66",
              "default": true
            }
          ],
          "store_path": "/nix/store/hgybbbzg778wasmw5g1hzm7a8n4wwd5h-glibc-locales-2.40-66"
        }
      }
    },
    "go@1.24.1": {
      "last_modified": "2025-03-11T17:52:14Z",
      "resolved": "github:NixOS/nixpkgs/0d534853a55b5d02a4ababa1d71921ce8f0aee4c#go",
      "source": "devbox-search",
      "version": "1.24.1",
      "systems": {
        "aarch64-darwin": {
          "outputs": [
            {
              "name": "out",
              "path": "/nix/store/ja4jxx60lh1qfqfl4z4p2rff56ia1c3c-go-1.24.1",
              "default": true
            }
          ],
          "store_path": "/nix/store/ja4jxx60lh1qfqfl4z4p2rff56ia1c3c-go-1.24.1"
        },
        "aarch64-linux": {
          "outputs": [
            {
              "name": "out",
              "path": "/nix/store/6zvrmsmdg7p8yw3vii20g40b4zsh6kjr-go-1.24.1",
              "default": true
            }
          ],
          "store_path": "/nix/store/6zvrmsmdg7p8yw3vii20g40b4zsh6kjr-go-1.24.1"
        },
        "x86_64-darwin": {
          "outputs": [
            {
              "name": "out",
              "path": "/nix/store/2bcic1xcha2k11djynr488v3pg0nnghr-go-1.24.1",
              "default": true
            }
          ],
          "store_path": "/nix/store/2bcic1xcha2k11djynr488v3pg0nnghr-go-1.24.1"
        },
        "x86_64-linux": {
          "outputs": [
            {
              "name": "out",
              "path": "/nix/store/g29rrn8qqlg4yjqv543ryrkimr7fk43h-go-1.24.1",
              "default": true
            }
          ],
          "store_path": "/nix/store/g29rrn8qqlg4yjqv543ryrkimr7fk43h-go-1.24.1"
        }
      }
    },
    "nodejs@20": {
      "last_modified": "2025-03-16T23:54:35Z",
      "plugin_version": "0.0.2",
      "resolved": "github:NixOS/nixpkgs/5d9b5431f967007b3952c057fc92af49a4c5f3b2#nodejs_20",
      "source": "devbox-search",
      "version": "20.19.0",
      "systems": {
        "aarch64-darwin": {
          "outputs": [
            {
              "name": "out",
              "path": "/nix/store/4i96rnl7hdzm3k3w36gx7d2p1af3b64q-nodejs-20.19.0",
              "default": true
            },
            {
              "name": "libv8",
              "path": "/nix/store/dvr6jyyhygpci5yj5mdl3p0xi2qcm02g-nodejs-20.19.0-libv8"
            }
          ],
          "store_path": "/nix/store/4i96rnl7hdzm3k3w36gx7d2p1af3b64q-nodejs-20.19.0"
        },
        "aarch64-linux": {
          "outputs": [
            {
              "name": "out",
              "path": "/nix/store/qz522zmsx441py29xy69sf5671bkhpj2-nodejs-20.19.0",
              "default": true
            },
            {
              "name": "libv8",
              "path": "/nix/store/7i02830b2pxlapzav6yyggymqmp6rk02-nodejs-20.19.0-libv8"
            }
          ],
          "store_path": "/nix/store/qz522zmsx441py29xy69sf5671bkhpj2-nodejs-20.19.0"
        },
        "x86_64-darwin": {
          "outputs": [
            {
              "name": "out",
              "path": "/nix/store/4k73p2z9h5rnfv9gal8n6m4srx5sggs8-nodejs-20.19.0",
              "default": true
            },
            {
              "name": "libv8",
              "path": "/nix/store/px89hqr3wcfk0w6146hf4171bvj4chgp-nodejs-20.19.0-libv8"
            }
          ],
          "store_path": "/nix/store/4k73p2z9h5rnfv9gal8n6m4srx5sggs8-nodejs-20.19.0"
        },
        "x86_64-linux": {
          "outputs": [
            {
              "name": "out",
              "path": "/nix/store/088a1y8kvrmvi7vm5ff67hg7c4hcnqg7-nodejs-20.19.0",
              "default": true
            },
            {
              "name": "libv8",
              "path": "/nix/store/njqqwr5311xmnm05ms3n7b8piwnyq7x1-nodejs-20.19.0-libv8"
            }
          ],
          "store_path": "/nix/store/088a1y8kvrmvi7vm5ff67hg7c4hcnqg7-nodejs-20.19.0"
        }
      }
    },
    "postgresql@latest": {
      "last_modified": "2025-04-13T09:22:33Z",
      "plugin_version": "0.0.2",
      "resolved": "github:NixOS/nixpkgs/18dd725c29603f582cf1900e0d25f9f1063dbf11#postgresql",
      "source": "devbox-search",
      "version": "17.4",
      "systems": {
        "aarch64-darwin": {
          "outputs": [
            {
              "name": "out",
              "path": "/nix/store/prh52g9iwjdddxbv4n0b52gbnlxnnk6w-postgresql-17.4",
              "default": true
            },
            {
              "name": "man",
              "path": "/nix/store/il144892arv36x68b5y95bkvrq32ym91-postgresql-17.4-man",
              "default": true
            },
            {
              "name": "dev",
              "path": "/nix/store/7gf8hy13r7li2balcini7004aml54l5n-postgresql-17.4-dev"
            },
            {
              "name": "doc",
              "path": "/nix/store/6x00505hxzfwjfpk15v6p4qqnbpk5dza-postgresql-17.4-doc"
            },
            {
              "name": "lib",
              "path": "/nix/store/c9g6v34cjsf308m9xzcs7figc1vgbbw3-postgresql-17.4-lib"
            }
          ],
          "store_path": "/nix/store/prh52g9iwjdddxbv4n0b52gbnlxnnk6w-postgresql-17.4"
        },
        "aarch64-linux": {
          "outputs": [
            {
              "name": "out",
              "path": "/nix/store/1lgjdy1nm8l68y2jw6m1lhas4j5jcmk1-postgresql-17.4",
              "default": true
            },
            {
              "name": "man",
              "path": "/nix/store/1v352rrzfv5p105jfaizxhd29nk41hgp-postgresql-17.4-man",
              "default": true
            },
            {
              "name": "debug",
              "path": "/nix/store/5bywayb6ywgznzh9cck9wpya1bzg4v0a-postgresql-17.4-debug"
            },
            {
              "name": "dev",
              "path": "/nix/store/zs35b02p7cay6jp7zr1xihwx8vzab17c-postgresql-17.4-dev"
            },
            {
              "name": "doc",
              "path": "/nix/store/1qccl3dm5wcja6h2kjkhvs5r9l1bx4hz-postgresql-17.4-doc"
            },
            {
              "name": "lib",
              "path": "/nix/store/kyh4l6wsjgwghvjw9810p7nn1ap106mj-postgresql-17.4-lib"
            }
          ],
          "store_path": "/nix/store/1lgjdy1nm8l68y2jw6m1lhas4j5jcmk1-postgresql-17.4"
        },
        "x86_64-darwin": {
          "outputs": [
            {
              "name": "out",
              "path": "/nix/store/0mzgv54qxafr66f4d7prz42fhs833mhk-postgresql-17.4",
              "default": true
            },
            {
              "name": "man",
              "path": "/nix/store/akb98lb29c1x3mflzcwqy4a0gqfk331r-postgresql-17.4-man",
              "default": true
            },
            {
              "name": "doc",
              "path": "/nix/store/9hxw6pf1qnlz1ygx5ximyvc48swb54n0-postgresql-17.4-doc"
            },
            {
              "name": "lib",
              "path": "/nix/store/kyml5v1q498ympq67jvcnhgmsn8384zk-postgresql-17.4-lib"
            },
            {
              "name": "dev",
              "path": "/nix/store/gpkbg9yhx7jji2hr3jp89q06hi6v7qrk-postgresql-17.4-dev"
            }
          ],
          "store_path": "/nix/store/0mzgv54qxafr66f4d7prz42fhs833mhk-postgresql-17.4"
        },
        "x86_64-linux": {
          "outputs": [
            {
              "name": "out",
              "path": "/nix/store/snfxmriwav4i0k1fxp78xk5w12hbv4q9-postgresql-17.4",
              "default": true
            },
            {
              "name": "man",
              "path": "/nix/store/pcx190vq4awjcgpmj2flrbp9awhdc74q-postgresql-17.4-man",
              "default": true
            },
            {
              "name": "lib",
              "path": "/nix/store/yja4rgfrwyxckwqf10rbr4armbn0p2y5-postgresql-17.4-lib"
            },
            {
              "name": "debug",
              "path": "/nix/store/zrlrz84kzfvnxcx5mis53scr205p29hx-postgresql-17.4-debug"
            },
            {
              "name": "dev",
              "path": "/nix/store/piqzr58swwmbsngl3jp98xgrf17a960n-postgresql-17.4-dev"
            },
            {
              "name": "doc",
              "path": "/nix/store/ilc5sycwvqjjfa33978nb1p14x358l1c-postgresql-17.4-doc"
            }
          ],
          "store_path": "/nix/store/snfxmriwav4i0k1fxp78xk5w12hbv4q9-postgresql-17.4"
        }
      }
    }
  }
}
